
Microsoft Visual Studio Solution File, Format Version 12.00
# Visual Studio 14
VisualStudioVersion = 14.0.25420.1
MinimumVisualStudioVersion = 10.0.40219.1
Project("{FAE04EC0-301F-11D3-BF4B-00C04F79EFBC}") = "SmartHouse.UI", "SmartHouse\SmartHouse.UI.csproj", "{BB90DB0F-42D7-410B-936A-A6ADBC27B188}"
EndProject
Project("{FAE04EC0-301F-11D3-BF4B-00C04F79EFBC}") = "SmartHouse.Logic", "SmartHouse.Logic\SmartHouse.Logic.csproj", "{323BB40D-9824-41C7-A900-1717145CBE18}"
EndProject
Global
	GlobalSection(SolutionConfigurationPlatforms) = preSolution
		Debug|Any CPU = Debug|Any CPU
		Release|Any CPU = Release|Any CPU
	EndGlobalSection
	GlobalSection(ProjectConfigurationPlatforms) = postSolution
		{BB90DB0F-42D7-410B-936A-A6ADBC27B188}.Debug|Any CPU.ActiveCfg = Debug|Any CPU
		{BB90DB0F-42D7-410B-936A-A6ADBC27B188}.Debug|Any CPU.Build.0 = Debug|Any CPU
		{BB90DB0F-42D7-410B-936A-A6ADBC27B188}.Release|Any CPU.ActiveCfg = Release|Any CPU
		{BB90DB0F-42D7-410B-936A-A6ADBC27B188}.Release|Any CPU.Build.0 = Release|Any CPU
		{323BB40D-9824-41C7-A900-1717145CBE18}.Debug|Any CPU.ActiveCfg = Debug|Any CPU
		{323BB40D-9824-41C7-A900-1717145CBE18}.Debug|Any CPU.Build.0 = Debug|Any CPU
		{323BB40D-9824-41C7-A900-1717145CBE18}.Release|Any CPU.ActiveCfg = Release|Any CPU
		{323BB40D-9824-41C7-A900-1717145CBE18}.Release|Any CPU.Build.0 = Release|Any CPU
	EndGlobalSection
	GlobalSection(SolutionProperties) = preSolution
		HideSolutionNode = FALSE
	EndGlobalSection
EndGlobal
